// !$*UTF8*$!
{
	archiveVersion = 1;
	classes = {
	};
	objectVersion = 50;
	objects = {

/* Begin PBXBuildFile section */
		0A5D19FB23583ECC003B2D1B /* a.json in Resources */ = {isa = PBXBuildFile; fileRef = 0A5D19FA23583ECC003B2D1B /* a.json */; };
		0A5D19FD23584A7B003B2D1B /* 159-servishero-loading.json in Resources */ = {isa = PBXBuildFile; fileRef = 0A5D19FC23584A7B003B2D1B /* 159-servishero-loading.json */; };
		0AE187D723583C5100AE8888 /* AppDelegate.swift in Sources */ = {isa = PBXBuildFile; fileRef = 0AE187D623583C5100AE8888 /* AppDelegate.swift */; };
		0AE187D923583C5100AE8888 /* SceneDelegate.swift in Sources */ = {isa = PBXBuildFile; fileRef = 0AE187D823583C5100AE8888 /* SceneDelegate.swift */; };
		0AE187DB23583C5100AE8888 /* ViewController.swift in Sources */ = {isa = PBXBuildFile; fileRef = 0AE187DA23583C5100AE8888 /* ViewController.swift */; };
		0AE187DE23583C5100AE8888 /* Main.storyboard in Resources */ = {isa = PBXBuildFile; fileRef = 0AE187DC23583C5100AE8888 /* Main.storyboard */; };
		0AE187E023583C5100AE8888 /* Assets.xcassets in Resources */ = {isa = PBXBuildFile; fileRef = 0AE187DF23583C5100AE8888 /* Assets.xcassets */; };
		0AE187E323583C5100AE8888 /* LaunchScreen.storyboard in Resources */ = {isa = PBXBuildFile; fileRef = 0AE187E123583C5100AE8888 /* LaunchScreen.storyboard */; };
		0AE426BA2359A28000FBE107 /* ViewController2.swift in Sources */ = {isa = PBXBuildFile; fileRef = 0AE426B92359A28000FBE107 /* ViewController2.swift */; };
		9062F781E28272AE3D3A398C /* Pods_JSONANIMATION.framework in Frameworks */ = {isa = PBXBuildFile; fileRef = 7B57D5955ECD890F7E4CAA29 /* Pods_JSONANIMATION.framework */; };
/* End PBXBuildFile section */

/* Begin PBXFileReference section */
		0A5D19FA23583ECC003B2D1B /* a.json */ = {isa = PBXFileReference; fileEncoding = 4; lastKnownFileType = text.json; path = a.json; sourceTree = "<group>"; };
		0A5D19FC23584A7B003B2D1B /* 159-servishero-loading.json */ = {isa = PBXFileReference; fileEncoding = 4; lastKnownFileType = text.json; path = "159-servishero-loading.json"; sourceTree = "<group>"; };
		0AE187D323583C5100AE8888 /* JSONANIMATION.app */ = {isa = PBXFileReference; explicitFileType = wrapper.application; includeInIndex = 0; path = JSONANIMATION.app; sourceTree = BUILT_PRODUCTS_DIR; };
		0AE187D623583C5100AE8888 /* AppDelegate.swift */ = {isa = PBXFileReference; lastKnownFileType = sourcecode.swift; path = AppDelegate.swift; sourceTree = "<group>"; };
		0AE187D823583C5100AE8888 /* SceneDelegate.swift */ = {isa = PBXFileReference; lastKnownFileType = sourcecode.swift; path = SceneDelegate.swift; sourceTree = "<group>"; };
		0AE187DA23583C5100AE8888 /* ViewController.swift */ = {isa = PBXFileReference; lastKnownFileType = sourcecode.swift; path = ViewController.swift; sourceTree = "<group>"; };
		0AE187DD23583C5100AE8888 /* Base */ = {isa = PBXFileReference; lastKnownFileType = file.storyboard; name = Base; path = Base.lproj/Main.storyboard; sourceTree = "<group>"; };
		0AE187DF23583C5100AE8888 /* Assets.xcassets */ = {isa = PBXFileReference; lastKnownFileType = folder.assetcatalog; path = Assets.xcassets; sourceTree = "<group>"; };
		0AE187E223583C5100AE8888 /* Base */ = {isa = PBXFileReference; lastKnownFileType = file.storyboard; name = Base; path = Base.lproj/LaunchScreen.storyboard; sourceTree = "<group>"; };
		0AE187E423583C5100AE8888 /* Info.plist */ = {isa = PBXFileReference; lastKnownFileType = text.plist.xml; path = Info.plist; sourceTree = "<group>"; };
		0AE426B92359A28000FBE107 /* ViewController2.swift */ = {isa = PBXFileReference; lastKnownFileType = sourcecode.swift; path = ViewController2.swift; sourceTree = "<group>"; };
		46D470723D07D78AD18C11FA /* Pods-JSONANIMATION.debug.xcconfig */ = {isa = PBXFileReference; includeInIndex = 1; lastKnownFileType = text.xcconfig; name = "Pods-JSONANIMATION.debug.xcconfig"; path = "Target Support Files/Pods-JSONANIMATION/Pods-JSONANIMATION.debug.xcconfig"; sourceTree = "<group>"; };
		7B57D5955ECD890F7E4CAA29 /* Pods_JSONANIMATION.framework */ = {isa = PBXFileReference; explicitFileType = wrapper.framework; includeInIndex = 0; path = Pods_JSONANIMATION.framework; sourceTree = BUILT_PRODUCTS_DIR; };
		B9D01BB3E186211083B766A3 /* Pods-JSONANIMATION.release.xcconfig */ = {isa = PBXFileReference; includeInIndex = 1; lastKnownFileType = text.xcconfig; name = "Pods-JSONANIMATION.release.xcconfig"; path = "Target Support Files/Pods-JSONANIMATION/Pods-JSONANIMATION.release.xcconfig"; sourceTree = "<group>"; };
/* End PBXFileReference section */

/* Begin PBXFrameworksBuildPhase section */
		0AE187D023583C5100AE8888 /* Frameworks */ = {
			isa = PBXFrameworksBuildPhase;
			buildActionMask = 2147483647;
			files = (
				9062F781E28272AE3D3A398C /* Pods_JSONANIMATION.framework in Frameworks */,
			);
			runOnlyForDeploymentPostprocessing = 0;
		};
/* End PBXFrameworksBuildPhase section */

/* Begin PBXGroup section */
		0AE187CA23583C5100AE8888 = {
			isa = PBXGroup;
			children = (
				0AE187D523583C5100AE8888 /* JSONANIMATION */,
				0AE187D423583C5100AE8888 /* Products */,
				4CB01EE74A41B3DB0E028AAB /* Pods */,
				4CBA6EEEBE243359F66C9DC3 /* Frameworks */,
			);
			sourceTree = "<group>";
		};
		0AE187D423583C5100AE8888 /* Products */ = {
			isa = PBXGroup;
			children = (
				0AE187D323583C5100AE8888 /* JSONANIMATION.app */,
			);
			name = Products;
			sourceTree = "<group>";
		};
		0AE187D523583C5100AE8888 /* JSONANIMATION */ = {
			isa = PBXGroup;
			children = (
				0AE187D623583C5100AE8888 /* AppDelegate.swift */,
				0A5D19FA23583ECC003B2D1B /* a.json */,
				0AE187D823583C5100AE8888 /* SceneDelegate.swift */,
				0A5D19FC23584A7B003B2D1B /* 159-servishero-loading.json */,
				0AE187DA23583C5100AE8888 /* ViewController.swift */,
				0AE187DC23583C5100AE8888 /* Main.storyboard */,
				0AE187DF23583C5100AE8888 /* Assets.xcassets */,
				0AE187E123583C5100AE8888 /* LaunchScreen.storyboard */,
				0AE187E423583C5100AE8888 /* Info.plist */,
				0AE426B92359A28000FBE107 /* ViewController2.swift */,
			);
			path = JSONANIMATION;
			sourceTree = "<group>";
		};
		4CB01EE74A41B3DB0E028AAB /* Pods */ = {
			isa = PBXGroup;
			children = (
				46D470723D07D78AD18C11FA /* Pods-JSONANIMATION.debug.xcconfig */,
				B9D01BB3E186211083B766A3 /* Pods-JSONANIMATION.release.xcconfig */,
			);
			path = Pods;
			sourceTree = "<group>";
		};
		4CBA6EEEBE243359F66C9DC3 /* Frameworks */ = {
			isa = PBXGroup;
			children = (
				7B57D5955ECD890F7E4CAA29 /* Pods_JSONANIMATION.framework */,
			);
			name = Frameworks;
			sourceTree = "<group>";
		};
/* End PBXGroup section */

/* Begin PBXNativeTarget section */
		0AE187D223583C5100AE8888 /* JSONANIMATION */ = {
			isa = PBXNativeTarget;
			buildConfigurationList = 0AE187E723583C5100AE8888 /* Build configuration list for PBXNativeTarget "JSONANIMATION" */;
			buildPhases = (
				9198FE54190D649535EAC227 /* [CP] Check Pods Manifest.lock */,
				0AE187CF23583C5100AE8888 /* Sources */,
				0AE187D023583C5100AE8888 /* Frameworks */,
				0AE187D123583C5100AE8888 /* Resources */,
				A4FCDA4DE26E325D4A0FF4B6 /* [CP] Embed Pods Frameworks */,
			);
			buildRules = (
			);
			dependencies = (
			);
			name = JSONANIMATION;
			productName = JSONANIMATION;
			productReference = 0AE187D323583C5100AE8888 /* JSONANIMATION.app */;
			productType = "com.apple.product-type.application";
		};
/* End PBXNativeTarget section */

/* Begin PBXProject section */
		0AE187CB23583C5100AE8888 /* Project object */ = {
			isa = PBXProject;
			attributes = {
				LastSwiftUpdateCheck = 1100;
				LastUpgradeCheck = 1100;
				ORGANIZATIONNAME = Mujahid;
				TargetAttributes = {
					0AE187D223583C5100AE8888 = {
						CreatedOnToolsVersion = 11.0;
					};
				};
			};
			buildConfigurationList = 0AE187CE23583C5100AE8888 /* Build configuration list for PBXProject "JSONANIMATION" */;
			compatibilityVersion = "Xcode 9.3";
			developmentRegion = en;
			hasScannedForEncodings = 0;
			knownRegions = (
				en,
				Base,
			);
			mainGroup = 0AE187CA23583C5100AE8888;
			productRefGroup = 0AE187D423583C5100AE8888 /* Products */;
			projectDirPath = "";
			projectRoot = "";
			targets = (
				0AE187D223583C5100AE8888 /* JSONANIMATION */,
			);
		};
/* End PBXProject section */

/* Begin PBXResourcesBuildPhase section */
		0AE187D123583C5100AE8888 /* Resources */ = {
			isa = PBXResourcesBuildPhase;
			buildActionMask = 2147483647;
			files = (
				0AE187E323583C5100AE8888 /* LaunchScreen.storyboard in Resources */,
				0AE187E023583C5100AE8888 /* Assets.xcassets in Resources */,
				0A5D19FD23584A7B003B2D1B /* 159-servishero-loading.json in Resources */,
				0AE187DE23583C5100AE8888 /* Main.storyboard in Resources */,
				0A5D19FB23583ECC003B2D1B /* a.json in Resources */,
			);
			runOnlyForDeploymentPostprocessing = 0;
		};
/* End PBXResourcesBuildPhase section */

/* Begin PBXShellScriptBuildPhase section */
		9198FE54190D649535EAC227 /* [CP] Check Pods Manifest.lock */ = {
			isa = PBXShellScriptBuildPhase;
			buildActionMask = 2147483647;
			files = (
			);
			inputFileListPaths = (
			);
			inputPaths = (
				"${PODS_PODFILE_DIR_PATH}/Podfile.lock",
				"${PODS_ROOT}/Manifest.lock",
			);
			name = "[CP] Check Pods Manifest.lock";
			outputFileListPaths = (
			);
			outputPaths = (
				"$(DERIVED_FILE_DIR)/Pods-JSONANIMATION-checkManifestLockResult.txt",
			);
			runOnlyForDeploymentPostprocessing = 0;
			shellPath = /bin/sh;
			shellScript = "diff \"${PODS_PODFILE_DIR_PATH}/Podfile.lock\" \"${PODS_ROOT}/Manifest.lock\" > /dev/null\nif [ $? != 0 ] ; then\n    # print error to STDERR\n    echo \"error: The sandbox is not in sync with the Podfile.lock. Run 'pod install' or update your CocoaPods installation.\" >&2\n    exit 1\nfi\n# This output is used by Xcode 'outputs' to avoid re-running this script phase.\necho \"SUCCESS\" > \"${SCRIPT_OUTPUT_FILE_0}\"\n";
			showEnvVarsInLog = 0;
		};
		A4FCDA4DE26E325D4A0FF4B6 /* [CP] Embed Pods Frameworks */ = {
			isa = PBXShellScriptBuildPhase;
			buildActionMask = 2147483647;
			files = (
			);
			inputFileListPaths = (
			);
			inputPaths = (
				"${PODS_ROOT}/Target Support Files/Pods-JSONANIMATION/Pods-JSONANIMATION-frameworks.sh",
				"${BUILT_PRODUCTS_DIR}/lottie-ios/Lottie.framework",
			);
			name = "[CP] Embed Pods Frameworks";
			outputFileListPaths = (
			);
			outputPaths = (
				"${TARGET_BUILD_DIR}/${FRAMEWORKS_FOLDER_PATH}/Lottie.framework",
			);
			runOnlyForDeploymentPostprocessing = 0;
			shellPath = /bin/sh;
			shellScript = "\"${PODS_ROOT}/Target Support Files/Pods-JSONANIMATION/Pods-JSONANIMATION-frameworks.sh\"\n";
			showEnvVarsInLog = 0;
		};
/* End PBXShellScriptBuildPhase section */

/* Begin PBXSourcesBuildPhase section */
		0AE187CF23583C5100AE8888 /* Sources */ = {
			isa = PBXSourcesBuildPhase;
			buildActionMask = 2147483647;
			files = (
				0AE187DB23583C5100AE8888 /* ViewController.swift in Sources */,
				0AE426BA2359A28000FBE107 /* ViewController2.swift in Sources */,
				0AE187D723583C5100AE8888 /* AppDelegate.swift in Sources */,
				0AE187D923583C5100AE8888 /* SceneDelegate.swift in Sources */,
			);
			runOnlyForDeploymentPostprocessing = 0;
		};
/* End PBXSourcesBuildPhase section */

/* Begin PBXVariantGroup section */
		0AE187DC23583C5100AE8888 /* Main.storyboard */ = {
			isa = PBXVariantGroup;
			children = (
				0AE187DD23583C5100AE8888 /* Base */,
			);
			name = Main.storyboard;
			sourceTree = "<group>";
		};
		0AE187E123583C5100AE8888 /* LaunchScreen.storyboard */ = {
			isa = PBXVariantGroup;
			children = (
				0AE187E223583C5100AE8888 /* Base */,
			);
			name = LaunchScreen.storyboard;
			sourceTree = "<group>";
		};
/* End PBXVariantGroup section */

/* Begin XCBuildConfiguration section */
		0AE187E523583C5100AE8888 /* Debug */ = {
			isa = XCBuildConfiguration;
			buildSettings = {
				ALWAYS_SEARCH_USER_PATHS = NO;
				CLANG_ANALYZER_NONNULL = YES;
				CLANG_ANALYZER_NUMBER_OBJECT_CONVERSION = YES_AGGRESSIVE;
				CLANG_CXX_LANGUAGE_STANDARD = "gnu++14";
				CLANG_CXX_LIBRARY = "libc++";
				CLANG_ENABLE_MODULES = YES;
				CLANG_ENABLE_OBJC_ARC = YES;
				CLANG_ENABLE_OBJC_WEAK = YES;
				CLANG_WARN_BLOCK_CAPTURE_AUTORELEASING = YES;
				CLANG_WARN_BOOL_CONVERSION = YES;
				CLANG_WARN_COMMA = YES;
				CLANG_WARN_CONSTANT_CONVERSION = YES;
				CLANG_WARN_DEPRECATED_OBJC_IMPLEMENTATIONS = YES;
				CLANG_WARN_DIRECT_OBJC_ISA_USAGE = YES_ERROR;
				CLANG_WARN_DOCUMENTATION_COMMENTS = YES;
				CLANG_WARN_EMPTY_BODY = YES;
				CLANG_WARN_ENUM_CONVERSION = YES;
				CLANG_WARN_INFINITE_RECURSION = YES;
				CLANG_WARN_INT_CONVERSION = YES;
				CLANG_WARN_NON_LITERAL_NULL_CONVERSION = YES;
				CLANG_WARN_OBJC_IMPLICIT_RETAIN_SELF = YES;
				CLANG_WARN_OBJC_LITERAL_CONVERSION = YES;
				CLANG_WARN_OBJC_ROOT_CLASS = YES_ERROR;
				CLANG_WARN_RANGE_LOOP_ANALYSIS = YES;
				CLANG_WARN_STRICT_PROTOTYPES = YES;
				CLANG_WARN_SUSPICIOUS_MOVE = YES;
				CLANG_WARN_UNGUARDED_AVAILABILITY = YES_AGGRESSIVE;
				CLANG_WARN_UNREACHABLE_CODE = YES;
				CLANG_WARN__DUPLICATE_METHOD_MATCH = YES;
				COPY_PHASE_STRIP = NO;
				DEBUG_INFORMATION_FORMAT = dwarf;
				ENABLE_STRICT_OBJC_MSGSEND = YES;
				ENABLE_TESTABILITY = YES;
				GCC_C_LANGUAGE_STANDARD = gnu11;
				GCC_DYNAMIC_NO_PIC = NO;
				GCC_NO_COMMON_BLOCKS = YES;
				GCC_OPTIMIZATION_LEVEL = 0;
				GCC_PREPROCESSOR_DEFINITIONS = (
					"DEBUG=1",
					"$(inherited)",
				);
				GCC_WARN_64_TO_32_BIT_CONVERSION = YES;
				GCC_WARN_ABOUT_RETURN_TYPE = YES_ERROR;
				GCC_WARN_UNDECLARED_SELECTOR = YES;
				GCC_WARN_UNINITIALIZED_AUTOS = YES_AGGRESSIVE;
				GCC_WARN_UNUSED_FUNCTION = YES;
				GCC_WARN_UNUSED_VARIABLE = YES;
				IPHONEOS_DEPLOYMENT_TARGET = 13.0;
				MTL_ENABLE_DEBUG_INFO = INCLUDE_SOURCE;
				MTL_FAST_MATH = YES;
				ONLY_ACTIVE_ARCH = YES;
				SDKROOT = iphoneos;
				SWIFT_ACTIVE_COMPILATION_CONDITIONS = DEBUG;
				SWIFT_OPTIMIZATION_LEVEL = "-Onone";
			};
			name = Debug;
		};
		0AE187E623583C5100AE8888 /* Release */ = {
			isa = XCBuildConfiguration;
			buildSettings = {
				ALWAYS_SEARCH_USER_PATHS = NO;
				CLANG_ANALYZER_NONNULL = YES;
				CLANG_ANALYZER_NUMBER_OBJECT_CONVERSION = YES_AGGRESSIVE;
				CLANG_CXX_LANGUAGE_STANDARD = "gnu++14";
				CLANG_CXX_LIBRARY = "libc++";
				CLANG_ENABLE_MODULES = YES;
				CLANG_ENABLE_OBJC_ARC = YES;
				CLANG_ENABLE_OBJC_WEAK = YES;
				CLANG_WARN_BLOCK_CAPTURE_AUTORELEASING = YES;
				CLANG_WARN_BOOL_CONVERSION = YES;
				CLANG_WARN_COMMA = YES;
				CLANG_WARN_CONSTANT_CONVERSION = YES;
				CLANG_WARN_DEPRECATED_OBJC_IMPLEMENTATIONS = YES;
				CLANG_WARN_DIRECT_OBJC_ISA_USAGE = YES_ERROR;
				CLANG_WARN_DOCUMENTATION_COMMENTS = YES;
				CLANG_WARN_EMPTY_BODY = YES;
				CLANG_WARN_ENUM_CONVERSION = YES;
				CLANG_WARN_INFINITE_RECURSION = YES;
				CLANG_WARN_INT_CONVERSION = YES;
				CLANG_WARN_NON_LITERAL_NULL_CONVERSION = YES;
				CLANG_WARN_OBJC_IMPLICIT_RETAIN_SELF = YES;
				CLANG_WARN_OBJC_LITERAL_CONVERSION = YES;
				CLANG_WARN_OBJC_ROOT_CLASS = YES_ERROR;
				CLANG_WARN_RANGE_LOOP_ANALYSIS = YES;
				CLANG_WARN_STRICT_PROTOTYPES = YES;
				CLANG_WARN_SUSPICIOUS_MOVE = YES;
				CLANG_WARN_UNGUARDED_AVAILABILITY = YES_AGGRESSIVE;
				CLANG_WARN_UNREACHABLE_CODE = YES;
				CLANG_WARN__DUPLICATE_METHOD_MATCH = YES;
				COPY_PHASE_STRIP = NO;
				DEBUG_INFORMATION_FORMAT = "dwarf-with-dsym";
				ENABLE_NS_ASSERTIONS = NO;
				ENABLE_STRICT_OBJC_MSGSEND = YES;
				GCC_C_LANGUAGE_STANDARD = gnu11;
				GCC_NO_COMMON_BLOCKS = YES;
				GCC_WARN_64_TO_32_BIT_CONVERSION = YES;
				GCC_WARN_ABOUT_RETURN_TYPE = YES_ERROR;
				GCC_WARN_UNDECLARED_SELECTOR = YES;
				GCC_WARN_UNINITIALIZED_AUTOS = YES_AGGRESSIVE;
				GCC_WARN_UNUSED_FUNCTION = YES;
				GCC_WARN_UNUSED_VARIABLE = YES;
				IPHONEOS_DEPLOYMENT_TARGET = 13.0;
				MTL_ENABLE_DEBUG_INFO = NO;
				MTL_FAST_MATH = YES;
				SDKROOT = iphoneos;
				SWIFT_COMPILATION_MODE = wholemodule;
				SWIFT_OPTIMIZATION_LEVEL = "-O";
				VALIDATE_PRODUCT = YES;
			};
			name = Release;
		};
		0AE187E823583C5100AE8888 /* Debug */ = {
			isa = XCBuildConfiguration;
			baseConfigurationReference = 46D470723D07D78AD18C11FA /* Pods-JSONANIMATION.debug.xcconfig */;
			buildSettings = {
				ASSETCATALOG_COMPILER_APPICON_NAME = AppIcon;
				CODE_SIGN_STYLE = Automatic;
				DEVELOPMENT_TEAM = 69J2VA243L;
				INFOPLIST_FILE = JSONANIMATION/Info.plist;
				LD_RUNPATH_SEARCH_PATHS = (
					"$(inherited)",
					"@executable_path/Frameworks",
				);
				PRODUCT_BUNDLE_IDENTIFIER = com.innobles..JSONANIMATION;
				PRODUCT_NAME = "$(TARGET_NAME)";
				SWIFT_VERSION = 5.0;
				TARGETED_DEVICE_FAMILY = "1,2";
			};
			name = Debug;
		};
		0AE187E923583C5100AE8888 /* Release */ = {
			isa = XCBuildConfiguration;
			baseConfigurationReference = B9D01BB3E186211083B766A3 /* Pods-JSONANIMATION.release.xcconfig */;
			buildSettings = {
				ASSETCATALOG_COMPILER_APPICON_NAME = AppIcon;
				CODE_SIGN_STYLE = Automatic;
				DEVELOPMENT_TEAM = 69J2VA243L;
				INFOPLIST_FILE = JSONANIMATION/Info.plist;
				LD_RUNPATH_SEARCH_PATHS = (
					"$(inherited)",
					"@executable_path/Frameworks",
				);
				PRODUCT_BUNDLE_IDENTIFIER = com.innobles..JSONANIMATION;
				PRODUCT_NAME = "$(TARGET_NAME)";
				SWIFT_VERSION = 5.0;
				TARGETED_DEVICE_FAMILY = "1,2";
			};
			name = Release;
		};
/* End XCBuildConfiguration section */

/* Begin XCConfigurationList section */
		0AE187CE23583C5100AE8888 /* Build configuration list for PBXProject "JSONANIMATION" */ = {
			isa = XCConfigurationList;
			buildConfigurations = (
				0AE187E523583C5100AE8888 /* Debug */,
				0AE187E623583C5100AE8888 /* Release */,
			);
			defaultConfigurationIsVisible = 0;
			defaultConfigurationName = Release;
		};
		0AE187E723583C5100AE8888 /* Build configuration list for PBXNativeTarget "JSONANIMATION" */ = {
			isa = XCConfigurationList;
			buildConfigurations = (
				0AE187E823583C5100AE8888 /* Debug */,
				0AE187E923583C5100AE8888 /* Release */,
			);
			defaultConfigurationIsVisible = 0;
			defaultConfigurationName = Release;
		};
/* End XCConfigurationList section */
	};
	rootObject = 0AE187CB23583C5100AE8888 /* Project object */;
}
